<?xml version="1.0" encoding="utf-8"?>
<Project ToolsVersion="4.0" xmlns="http://schemas.microsoft.com/developer/msbuild/2003">
  <ItemGroup>
    <Filter Include="Source Files">
      <UniqueIdentifier>{4FC737F1-C7A5-4376-A066-2A32D752A2FF}</UniqueIdentifier>
      <Extensions>cpp;c;cc;cxx;c++;def;odl;idl;hpj;bat;asm;asmx</Extensions>
    </Filter>
    <Filter Include="Header Files">
      <UniqueIdentifier>{93995380-89BD-4b04-88EB-625FBE52EBFB}</UniqueIdentifier>
      <Extensions>h;hh;hpp;hxx;h++;hm;inl;inc;ipp;xsd</Extensions>
    </Filter>
    <Filter Include="Resource Files">
      <UniqueIdentifier>{67DA6AB6-F800-4c08-8B7A-83BB121AAD01}</UniqueIdentifier>
      <Extensions>rc;ico;cur;bmp;dlg;rc2;rct;bin;rgs;gif;jpg;jpeg;jpe;resx;tiff;tif;png;wav;mfcribbon-ms</Extensions>
    </Filter>
    <Filter Include="imgui">
      <UniqueIdentifier>{480bc6e2-f664-4cfd-88fe-b4d24ce2a82c}</UniqueIdentifier>
    </Filter>
    <Filter Include="Header Files\Engine">
      <UniqueIdentifier>{0284e5a5-47f7-4478-971f-e3ca6a5ace3d}</UniqueIdentifier>
    </Filter>
    <Filter Include="Source Files\Engine">
      <UniqueIdentifier>{3f72c8fa-b8d2-4945-8d93-ef3844425b82}</UniqueIdentifier>
    </Filter>
  </ItemGroup>
  <ItemGroup>
    <ClCompile Include="mon_texture.cpp">
      <Filter>Source Files</Filter>
    </ClCompile>
    <ClCompile Include="mon_game.cpp">
      <Filter>Source Files</Filter>
    </ClCompile>
    <ClCompile Include="include\imgui\imgui.cpp">
      <Filter>imgui</Filter>
    </ClCompile>
    <ClCompile Include="include\imgui\imgui_demo.cpp">
      <Filter>imgui</Filter>
    </ClCompile>
    <ClCompile Include="include\imgui\imgui_draw.cpp">
      <Filter>imgui</Filter>
    </ClCompile>
    <ClCompile Include="include\imgui\imgui_impl_opengl3.cpp">
      <Filter>imgui</Filter>
    </ClCompile>
    <ClCompile Include="include\imgui\imgui_impl_sdl.cpp">
      <Filter>imgui</Filter>
    </ClCompile>
    <ClCompile Include="include\imgui\imgui_tables.cpp">
      <Filter>imgui</Filter>
    </ClCompile>
    <ClCompile Include="include\imgui\imgui_widgets.cpp">
      <Filter>imgui</Filter>
    </ClCompile>
    <ClCompile Include="mon_debug_camera.cpp">
      <Filter>Source Files</Filter>
    </ClCompile>
    <ClCompile Include="main.cpp">
      <Filter>Source Files\Engine</Filter>
    </ClCompile>
    <ClCompile Include="mon_app.cpp">
      <Filter>Source Files\Engine</Filter>
    </ClCompile>
    <ClCompile Include="mon_gl_render.cpp">
      <Filter>Source Files\Engine</Filter>
    </ClCompile>
    <ClCompile Include="mon_gui.cpp">
      <Filter>Source Files\Engine</Filter>
    </ClCompile>
    <ClCompile Include="mon_shader.cpp">
      <Filter>Source Files\Engine</Filter>
    </ClCompile>
    <ClCompile Include="sdl_platform.cpp">
      <Filter>Source Files\Engine</Filter>
    </ClCompile>
    <ClCompile Include="include\stb_image\stb_image.cpp">
      <Filter>Source Files\Engine</Filter>
    </ClCompile>
    <ClCompile Include="include\glad\glad.c">
      <Filter>Source Files\Engine</Filter>
    </ClCompile>
    <ClCompile Include="mon_entity.cpp">
      <Filter>Source Files</Filter>
    </ClCompile>
    <ClCompile Include="mon_world.cpp">
      <Filter>Source Files</Filter>
    </ClCompile>
    <ClCompile Include="mon_terrain.cpp">
      <Filter>Source Files</Filter>
    </ClCompile>
    <ClCompile Include="mon_tilemap.cpp">
      <Filter>Source Files</Filter>
    </ClCompile>
  </ItemGroup>
  <ItemGroup>
    <ClInclude Include="mon_texture.h">
      <Filter>Header Files</Filter>
    </ClInclude>
    <ClInclude Include="mon_game.h">
      <Filter>Header Files</Filter>
    </ClInclude>
    <ClInclude Include="include\imgui\imconfig.h">
      <Filter>imgui</Filter>
    </ClInclude>
    <ClInclude Include="include\imgui\imgui.h">
      <Filter>imgui</Filter>
    </ClInclude>
    <ClInclude Include="include\imgui\imgui_impl_opengl3.h">
      <Filter>imgui</Filter>
    </ClInclude>
    <ClInclude Include="include\imgui\imgui_impl_sdl.h">
      <Filter>imgui</Filter>
    </ClInclude>
    <ClInclude Include="include\imgui\imgui_internal.h">
      <Filter>imgui</Filter>
    </ClInclude>
    <ClInclude Include="include\imgui\imstb_rectpack.h">
      <Filter>imgui</Filter>
    </ClInclude>
    <ClInclude Include="include\imgui\imstb_textedit.h">
      <Filter>imgui</Filter>
    </ClInclude>
    <ClInclude Include="include\imgui\imstb_truetype.h">
      <Filter>imgui</Filter>
    </ClInclude>
    <ClInclude Include="mon_debug_camera.h">
      <Filter>Header Files</Filter>
    </ClInclude>
    <ClInclude Include="mon_ortho_camera.h">
      <Filter>Header Files</Filter>
    </ClInclude>
    <ClInclude Include="handmade_random.h">
      <Filter>Header Files\Engine</Filter>
    </ClInclude>
    <ClInclude Include="mon_app.h">
      <Filter>Header Files\Engine</Filter>
    </ClInclude>
    <ClInclude Include="mon_gl_render.h">
      <Filter>Header Files\Engine</Filter>
    </ClInclude>
    <ClInclude Include="mon_gui.h">
      <Filter>Header Files\Engine</Filter>
    </ClInclude>
    <ClInclude Include="mon_input.h">
      <Filter>Header Files\Engine</Filter>
    </ClInclude>
    <ClInclude Include="mon_platform.h">
      <Filter>Header Files\Engine</Filter>
    </ClInclude>
    <ClInclude Include="mon_shader.h">
      <Filter>Header Files\Engine</Filter>
    </ClInclude>
    <ClInclude Include="sdl_platform.h">
      <Filter>Header Files\Engine</Filter>
    </ClInclude>
    <ClInclude Include="mon_entity.h">
      <Filter>Header Files</Filter>
    </ClInclude>
    <ClInclude Include="mon_world.h">
      <Filter>Header Files</Filter>
    </ClInclude>
    <ClInclude Include="mon_terrain.h">
      <Filter>Header Files</Filter>
    </ClInclude>
    <ClInclude Include="mon_math.h">
      <Filter>Header Files</Filter>
    </ClInclude>
    <ClInclude Include="mon_tilemap.h">
      <Filter>Header Files</Filter>
    </ClInclude>
  </ItemGroup>
</Project>