<?xml version="1.0" encoding="utf-8"?>
<Project ToolsVersion="4.0" xmlns="http://schemas.microsoft.com/developer/msbuild/2003">
  <ItemGroup>
    <Filter Include="Source Files">
      <UniqueIdentifier>{4FC737F1-C7A5-4376-A066-2A32D752A2FF}</UniqueIdentifier>
      <Extensions>cpp;c;cc;cxx;c++;def;odl;idl;hpj;bat;asm;asmx</Extensions>
    </Filter>
    <Filter Include="Header Files">
      <UniqueIdentifier>{93995380-89BD-4b04-88EB-625FBE52EBFB}</UniqueIdentifier>
      <Extensions>h;hh;hpp;hxx;h++;hm;inl;inc;ipp;xsd</Extensions>
    </Filter>
    <Filter Include="Resource Files">
      <UniqueIdentifier>{67DA6AB6-F800-4c08-8B7A-83BB121AAD01}</UniqueIdentifier>
      <Extensions>rc;ico;cur;bmp;dlg;rc2;rct;bin;rgs;gif;jpg;jpeg;jpe;resx;tiff;tif;png;wav;mfcribbon-ms</Extensions>
    </Filter>
    <Filter Include="imgui">
      <UniqueIdentifier>{480bc6e2-f664-4cfd-88fe-b4d24ce2a82c}</UniqueIdentifier>
    </Filter>
    <Filter Include="Header Files\Engine">
      <UniqueIdentifier>{0284e5a5-47f7-4478-971f-e3ca6a5ace3d}</UniqueIdentifier>
    </Filter>
    <Filter Include="Source Files\Engine">
      <UniqueIdentifier>{3f72c8fa-b8d2-4945-8d93-ef3844425b82}</UniqueIdentifier>
    </Filter>
    <Filter Include="Source Files\Renderer">
      <UniqueIdentifier>{cd63e71c-153f-459c-8ae0-ba7d2d709b03}</UniqueIdentifier>
    </Filter>
    <Filter Include="Header Files\Renderer">
      <UniqueIdentifier>{374d88dd-d3c8-4bd6-8adf-d9ea5fd9e58d}</UniqueIdentifier>
    </Filter>
    <Filter Include="Header Files\Game">
      <UniqueIdentifier>{fb326da8-9661-43be-ae63-d2ebb0ce83ad}</UniqueIdentifier>
    </Filter>
    <Filter Include="Source Files\Game">
      <UniqueIdentifier>{6524e5c8-4ee2-4e5d-aec2-ac6e8963a63a}</UniqueIdentifier>
    </Filter>
  </ItemGroup>
  <ItemGroup>
    <ClCompile Include="include\imgui\imgui.cpp">
      <Filter>imgui</Filter>
    </ClCompile>
    <ClCompile Include="include\imgui\imgui_demo.cpp">
      <Filter>imgui</Filter>
    </ClCompile>
    <ClCompile Include="include\imgui\imgui_draw.cpp">
      <Filter>imgui</Filter>
    </ClCompile>
    <ClCompile Include="include\imgui\imgui_impl_opengl3.cpp">
      <Filter>imgui</Filter>
    </ClCompile>
    <ClCompile Include="include\imgui\imgui_impl_sdl.cpp">
      <Filter>imgui</Filter>
    </ClCompile>
    <ClCompile Include="include\imgui\imgui_tables.cpp">
      <Filter>imgui</Filter>
    </ClCompile>
    <ClCompile Include="include\imgui\imgui_widgets.cpp">
      <Filter>imgui</Filter>
    </ClCompile>
    <ClCompile Include="monster.cpp">
      <Filter>Source Files\Engine</Filter>
    </ClCompile>
    <ClCompile Include="mon_app.cpp">
      <Filter>Source Files\Engine</Filter>
    </ClCompile>
    <ClCompile Include="mon_gui.cpp">
      <Filter>Source Files\Engine</Filter>
    </ClCompile>
    <ClCompile Include="sdl_platform.cpp">
      <Filter>Source Files\Engine</Filter>
    </ClCompile>
    <ClCompile Include="include\stb_image\stb_image.cpp">
      <Filter>Source Files\Engine</Filter>
    </ClCompile>
    <ClCompile Include="include\glad\glad.c">
      <Filter>Source Files\Engine</Filter>
    </ClCompile>
    <ClCompile Include="mon_entity2D.cpp">
      <Filter>Source Files</Filter>
    </ClCompile>
    <ClCompile Include="mon_world2D.cpp">
      <Filter>Source Files</Filter>
    </ClCompile>
    <ClCompile Include="mon_tilemap.cpp">
      <Filter>Source Files</Filter>
    </ClCompile>
    <ClCompile Include="mon_ortho_camera.cpp">
      <Filter>Source Files</Filter>
    </ClCompile>
    <ClCompile Include="mon_log.cpp">
      <Filter>Source Files\Engine</Filter>
    </ClCompile>
    <ClCompile Include="mon_game2D.cpp">
      <Filter>Source Files</Filter>
    </ClCompile>
    <ClCompile Include="win32_platform.cpp">
      <Filter>Source Files\Engine</Filter>
    </ClCompile>
    <ClCompile Include="mon_assets.cpp">
      <Filter>Source Files</Filter>
    </ClCompile>
    <ClCompile Include="mon_shader.cpp">
      <Filter>Source Files\Renderer</Filter>
    </ClCompile>
    <ClCompile Include="mon_gl_render.cpp">
      <Filter>Source Files\Renderer</Filter>
    </ClCompile>
    <ClCompile Include="mon_memory.cpp">
      <Filter>Source Files\Engine</Filter>
    </ClCompile>
    <ClCompile Include="mon_game.cpp">
      <Filter>Source Files\Game</Filter>
    </ClCompile>
    <ClCompile Include="mon_camera.cpp">
      <Filter>Source Files\Game</Filter>
    </ClCompile>
    <ClCompile Include="mon_entity.cpp">
      <Filter>Source Files\Game</Filter>
    </ClCompile>
    <ClCompile Include="mon_collider.cpp">
      <Filter>Source Files\Game</Filter>
    </ClCompile>
    <ClCompile Include="mon_grid.cpp">
      <Filter>Source Files\Game</Filter>
    </ClCompile>
    <ClCompile Include="mon_texture.cpp">
      <Filter>Source Files\Renderer</Filter>
    </ClCompile>
  </ItemGroup>
  <ItemGroup>
    <ClInclude Include="mon_texture.h">
      <Filter>Header Files</Filter>
    </ClInclude>
    <ClInclude Include="include\imgui\imconfig.h">
      <Filter>imgui</Filter>
    </ClInclude>
    <ClInclude Include="include\imgui\imgui.h">
      <Filter>imgui</Filter>
    </ClInclude>
    <ClInclude Include="include\imgui\imgui_impl_opengl3.h">
      <Filter>imgui</Filter>
    </ClInclude>
    <ClInclude Include="include\imgui\imgui_impl_sdl.h">
      <Filter>imgui</Filter>
    </ClInclude>
    <ClInclude Include="include\imgui\imgui_internal.h">
      <Filter>imgui</Filter>
    </ClInclude>
    <ClInclude Include="include\imgui\imstb_rectpack.h">
      <Filter>imgui</Filter>
    </ClInclude>
    <ClInclude Include="include\imgui\imstb_textedit.h">
      <Filter>imgui</Filter>
    </ClInclude>
    <ClInclude Include="include\imgui\imstb_truetype.h">
      <Filter>imgui</Filter>
    </ClInclude>
    <ClInclude Include="mon_ortho_camera.h">
      <Filter>Header Files</Filter>
    </ClInclude>
    <ClInclude Include="handmade_random.h">
      <Filter>Header Files\Engine</Filter>
    </ClInclude>
    <ClInclude Include="mon_app.h">
      <Filter>Header Files\Engine</Filter>
    </ClInclude>
    <ClInclude Include="mon_gui.h">
      <Filter>Header Files\Engine</Filter>
    </ClInclude>
    <ClInclude Include="mon_input.h">
      <Filter>Header Files\Engine</Filter>
    </ClInclude>
    <ClInclude Include="mon_platform.h">
      <Filter>Header Files\Engine</Filter>
    </ClInclude>
    <ClInclude Include="sdl_platform.h">
      <Filter>Header Files\Engine</Filter>
    </ClInclude>
    <ClInclude Include="mon_entity2D.h">
      <Filter>Header Files</Filter>
    </ClInclude>
    <ClInclude Include="mon_world2D.h">
      <Filter>Header Files</Filter>
    </ClInclude>
    <ClInclude Include="mon_math.h">
      <Filter>Header Files</Filter>
    </ClInclude>
    <ClInclude Include="mon_tilemap.h">
      <Filter>Header Files</Filter>
    </ClInclude>
    <ClInclude Include="mon_log.h">
      <Filter>Header Files\Engine</Filter>
    </ClInclude>
    <ClInclude Include="mon_game2D.h">
      <Filter>Header Files</Filter>
    </ClInclude>
    <ClInclude Include="win32_platform.h">
      <Filter>Header Files\Engine</Filter>
    </ClInclude>
    <ClInclude Include="mon_collider.h">
      <Filter>Header Files</Filter>
    </ClInclude>
    <ClInclude Include="mon_gl_render.h">
      <Filter>Header Files\Renderer</Filter>
    </ClInclude>
    <ClInclude Include="mon_shader.h">
      <Filter>Header Files\Renderer</Filter>
    </ClInclude>
    <ClInclude Include="mon_assets.h">
      <Filter>Header Files</Filter>
    </ClInclude>
    <ClInclude Include="mon_game.h">
      <Filter>Header Files\Game</Filter>
    </ClInclude>
    <ClInclude Include="mon_entity.h">
      <Filter>Header Files\Game</Filter>
    </ClInclude>
    <ClInclude Include="mon_camera.h">
      <Filter>Header Files\Game</Filter>
    </ClInclude>
    <ClInclude Include="mon_grid.h">
      <Filter>Header Files\Game</Filter>
    </ClInclude>
    <ClInclude Include="mon_world.h">
      <Filter>Header Files\Game</Filter>
    </ClInclude>
    <ClInclude Include="mon_memory.h">
      <Filter>Header Files\Engine</Filter>
    </ClInclude>
  </ItemGroup>
</Project>